
Microsoft Visual Studio Solution File, Format Version 12.00
# Visual Studio Version 17
VisualStudioVersion = 17.2.32616.157
MinimumVisualStudioVersion = 10.0.40219.1
Project("{2150E333-8FDC-42A3-9474-1A3956D46DE8}") = "Frontend", "Frontend", "{CFAC458D-EE25-4234-A8A2-7DF204587C0D}"
EndProject
Project("{2150E333-8FDC-42A3-9474-1A3956D46DE8}") = "Web", "Web", "{828FBBB7-B98B-402C-AE19-75D78864209A}"
EndProject
Project("{2150E333-8FDC-42A3-9474-1A3956D46DE8}") = "Microservices", "Microservices", "{4D46049C-7CA3-4F6D-A619-9C5DCFA7E8C8}"
EndProject
Project("{2150E333-8FDC-42A3-9474-1A3956D46DE8}") = "Frontend", "Frontend", "{FB5966D3-9E2B-4F1C-AE83-50CC5538618A}"
EndProject
Project("{2150E333-8FDC-42A3-9474-1A3956D46DE8}") = "Web", "Web", "{CFD1384A-B57E-49BA-883E-5BF2BDBBEEF8}"
EndProject
Project("{9A19103F-16F7-4668-BE54-9A1E7A4F7556}") = "DigitalTwin.Microservice.WebManager", "Microservices\Frontend\Web\DigitalTwin.Microservice.WebManager\DigitalTwin.Microservice.WebManager.csproj", "{347D3A19-8705-4635-9912-9A3C77589753}"
EndProject
Project("{54A90642-561A-4BB1-A94E-469ADEE60C69}") = "react-web", "Frontend\Web\react-web\react-web.esproj", "{98534F15-C031-4964-BD63-3F2D1B3F9E59}"
EndProject
Project("{E53339B2-1760-4266-BCC7-CA923CBCF16C}") = "docker-compose", "docker-compose.dcproj", "{A2794486-DA4C-4E40-A50C-A6018DA18138}"
EndProject
Project("{2150E333-8FDC-42A3-9474-1A3956D46DE8}") = "Jobs", "Jobs", "{ED00718E-2136-4B85-BE23-7DDDE79F683B}"
EndProject
Project("{9A19103F-16F7-4668-BE54-9A1E7A4F7556}") = "DigitalTwin.Microservice.Job.RemoveExpiredLinks", "Microservices\Jobs\DigitalTwin.Microservice.Job.RemoveExpiredLinks\DigitalTwin.Microservice.Job.RemoveExpiredLinks.csproj", "{D3F90B73-FB03-4E57-9CA3-CBED1FD9C13C}"
EndProject
Project("{2150E333-8FDC-42A3-9474-1A3956D46DE8}") = "Shared", "Shared", "{CC701072-E44A-4FF8-AE35-01B4259D1A05}"
EndProject
Project("{2150E333-8FDC-42A3-9474-1A3956D46DE8}") = "Backend", "Backend", "{8093CB5F-957C-4D46-8D93-7028451B6961}"
EndProject
Project("{9A19103F-16F7-4668-BE54-9A1E7A4F7556}") = "DigitalTwin.Microservice.DbManager", "Microservices\Backend\DigitalTwin.Microservice.DbManager\DigitalTwin.Microservice.DbManager.csproj", "{2E16FAD7-7464-4A9E-82B8-C95274C847E7}"
EndProject
Project("{9A19103F-16F7-4668-BE54-9A1E7A4F7556}") = "DigitalTwin.DAL", "Shared\DigitalTwin.DAL\DigitalTwin.DAL.csproj", "{E677BA30-A2F5-46CC-B1E8-308A25DE6A28}"
EndProject
Project("{FAE04EC0-301F-11D3-BF4B-00C04F79EFBC}") = "DigitalTwin.Microservice.Job.UpdateCommoditiesPrices", "Microservices\Jobs\DigitalTwin.Microservice.Job.UpdateCommoditiesPrices\DigitalTwin.Microservice.Job.UpdateCommoditiesPrices.csproj", "{292C9C26-0428-4E62-AC50-415A5CB33C45}"
EndProject
Global
	GlobalSection(SolutionConfigurationPlatforms) = preSolution
		Debug|Any CPU = Debug|Any CPU
		Release|Any CPU = Release|Any CPU
	EndGlobalSection
	GlobalSection(ProjectConfigurationPlatforms) = postSolution
		{347D3A19-8705-4635-9912-9A3C77589753}.Debug|Any CPU.ActiveCfg = Debug|Any CPU
		{347D3A19-8705-4635-9912-9A3C77589753}.Debug|Any CPU.Build.0 = Debug|Any CPU
		{347D3A19-8705-4635-9912-9A3C77589753}.Release|Any CPU.ActiveCfg = Release|Any CPU
		{347D3A19-8705-4635-9912-9A3C77589753}.Release|Any CPU.Build.0 = Release|Any CPU
		{98534F15-C031-4964-BD63-3F2D1B3F9E59}.Debug|Any CPU.ActiveCfg = Debug|Any CPU
		{98534F15-C031-4964-BD63-3F2D1B3F9E59}.Debug|Any CPU.Build.0 = Debug|Any CPU
		{98534F15-C031-4964-BD63-3F2D1B3F9E59}.Debug|Any CPU.Deploy.0 = Debug|Any CPU
		{98534F15-C031-4964-BD63-3F2D1B3F9E59}.Release|Any CPU.ActiveCfg = Release|Any CPU
		{98534F15-C031-4964-BD63-3F2D1B3F9E59}.Release|Any CPU.Build.0 = Release|Any CPU
		{98534F15-C031-4964-BD63-3F2D1B3F9E59}.Release|Any CPU.Deploy.0 = Release|Any CPU
		{A2794486-DA4C-4E40-A50C-A6018DA18138}.Debug|Any CPU.ActiveCfg = Debug|Any CPU
		{A2794486-DA4C-4E40-A50C-A6018DA18138}.Debug|Any CPU.Build.0 = Debug|Any CPU
		{A2794486-DA4C-4E40-A50C-A6018DA18138}.Release|Any CPU.ActiveCfg = Release|Any CPU
		{A2794486-DA4C-4E40-A50C-A6018DA18138}.Release|Any CPU.Build.0 = Release|Any CPU
		{D3F90B73-FB03-4E57-9CA3-CBED1FD9C13C}.Debug|Any CPU.ActiveCfg = Debug|Any CPU
		{D3F90B73-FB03-4E57-9CA3-CBED1FD9C13C}.Debug|Any CPU.Build.0 = Debug|Any CPU
		{D3F90B73-FB03-4E57-9CA3-CBED1FD9C13C}.Release|Any CPU.ActiveCfg = Release|Any CPU
		{D3F90B73-FB03-4E57-9CA3-CBED1FD9C13C}.Release|Any CPU.Build.0 = Release|Any CPU
		{2E16FAD7-7464-4A9E-82B8-C95274C847E7}.Debug|Any CPU.ActiveCfg = Debug|Any CPU
		{2E16FAD7-7464-4A9E-82B8-C95274C847E7}.Debug|Any CPU.Build.0 = Debug|Any CPU
		{2E16FAD7-7464-4A9E-82B8-C95274C847E7}.Release|Any CPU.ActiveCfg = Release|Any CPU
		{2E16FAD7-7464-4A9E-82B8-C95274C847E7}.Release|Any CPU.Build.0 = Release|Any CPU
		{E677BA30-A2F5-46CC-B1E8-308A25DE6A28}.Debug|Any CPU.ActiveCfg = Debug|Any CPU
		{E677BA30-A2F5-46CC-B1E8-308A25DE6A28}.Debug|Any CPU.Build.0 = Debug|Any CPU
		{E677BA30-A2F5-46CC-B1E8-308A25DE6A28}.Release|Any CPU.ActiveCfg = Release|Any CPU
		{E677BA30-A2F5-46CC-B1E8-308A25DE6A28}.Release|Any CPU.Build.0 = Release|Any CPU
		{292C9C26-0428-4E62-AC50-415A5CB33C45}.Debug|Any CPU.ActiveCfg = Debug|Any CPU
		{292C9C26-0428-4E62-AC50-415A5CB33C45}.Debug|Any CPU.Build.0 = Debug|Any CPU
		{292C9C26-0428-4E62-AC50-415A5CB33C45}.Release|Any CPU.ActiveCfg = Release|Any CPU
		{292C9C26-0428-4E62-AC50-415A5CB33C45}.Release|Any CPU.Build.0 = Release|Any CPU
	EndGlobalSection
	GlobalSection(SolutionProperties) = preSolution
		HideSolutionNode = FALSE
	EndGlobalSection
	GlobalSection(NestedProjects) = preSolution
		{828FBBB7-B98B-402C-AE19-75D78864209A} = {CFAC458D-EE25-4234-A8A2-7DF204587C0D}
		{FB5966D3-9E2B-4F1C-AE83-50CC5538618A} = {4D46049C-7CA3-4F6D-A619-9C5DCFA7E8C8}
		{CFD1384A-B57E-49BA-883E-5BF2BDBBEEF8} = {FB5966D3-9E2B-4F1C-AE83-50CC5538618A}
		{347D3A19-8705-4635-9912-9A3C77589753} = {CFD1384A-B57E-49BA-883E-5BF2BDBBEEF8}
		{98534F15-C031-4964-BD63-3F2D1B3F9E59} = {828FBBB7-B98B-402C-AE19-75D78864209A}
		{ED00718E-2136-4B85-BE23-7DDDE79F683B} = {4D46049C-7CA3-4F6D-A619-9C5DCFA7E8C8}
		{D3F90B73-FB03-4E57-9CA3-CBED1FD9C13C} = {ED00718E-2136-4B85-BE23-7DDDE79F683B}
		{8093CB5F-957C-4D46-8D93-7028451B6961} = {4D46049C-7CA3-4F6D-A619-9C5DCFA7E8C8}
		{2E16FAD7-7464-4A9E-82B8-C95274C847E7} = {8093CB5F-957C-4D46-8D93-7028451B6961}
		{E677BA30-A2F5-46CC-B1E8-308A25DE6A28} = {CC701072-E44A-4FF8-AE35-01B4259D1A05}
		{292C9C26-0428-4E62-AC50-415A5CB33C45} = {ED00718E-2136-4B85-BE23-7DDDE79F683B}
	EndGlobalSection
	GlobalSection(ExtensibilityGlobals) = postSolution
		SolutionGuid = {180B43A9-CB93-4860-9E1B-A6135E31E8A7}
	EndGlobalSection
EndGlobal
